{
  "version": 4,
  "terraform_version": "1.10.5",
  "serial": 696,
  "lineage": "ab5b3a6c-f4bb-29a8-b45a-fc51e026d120",
  "outputs": {},
  "resources": [
    {
      "mode": "managed",
      "type": "azurerm_resource_group",
      "name": "rg",
      "provider": "provider[\"registry.terraform.io/hashicorp/azurerm\"]",
      "instances": [
        {
          "schema_version": 0,
          "attributes": {
            "id": "/subscriptions/79c65e59-aadb-45ab-9a43-3e10d9e5225e/resourceGroups/pranav-prod",
            "location": "centralindia",
            "managed_by": "",
            "name": "pranav-prod",
            "tags": null,
            "timeouts": null
          },
          "sensitive_attributes": [],
          "private": "eyJlMmJmYjczMC1lY2FhLTExZTYtOGY4OC0zNDM2M2JjN2M0YzAiOnsiY3JlYXRlIjo1NDAwMDAwMDAwMDAwLCJkZWxldGUiOjU0MDAwMDAwMDAwMDAsInJlYWQiOjMwMDAwMDAwMDAwMCwidXBkYXRlIjo1NDAwMDAwMDAwMDAwfX0="
        }
      ]
    },
    {
      "module": "module.avm-res-network-virtualnetwork",
      "mode": "data",
      "type": "azurerm_client_config",
      "name": "telemetry",
      "provider": "provider[\"registry.terraform.io/hashicorp/azurerm\"]",
      "instances": [
        {
          "index_key": 0,
          "schema_version": 0,
          "attributes": {
            "client_id": "05822ec7-24df-4899-a17e-3e10aa59fe15",
            "id": "Y2xpZW50Q29uZmlncy9jbGllbnRJZD0wNTgyMmVjNy0yNGRmLTQ4OTktYTE3ZS0zZTEwYWE1OWZlMTU7b2JqZWN0SWQ9NThjZjNjYTAtYjgwZS00YmExLWI1NDItODlhMTRmZjI3OWNjO3N1YnNjcmlwdGlvbklkPTc5YzY1ZTU5LWFhZGItNDVhYi05YTQzLTNlMTBkOWU1MjI1ZTt0ZW5hbnRJZD01NmRiYjM3NS01MGU2LTQ4YzctOWY1ZC04ZmE5ZTg4YjRmNDI=",
            "object_id": "58cf3ca0-b80e-4ba1-b542-89a14ff279cc",
            "subscription_id": "79c65e59-aadb-45ab-9a43-3e10d9e5225e",
            "tenant_id": "56dbb375-50e6-48c7-9f5d-8fa9e88b4f42",
            "timeouts": null
          },
          "sensitive_attributes": []
        }
      ]
    },
    {
      "module": "module.avm-res-network-virtualnetwork",
      "mode": "data",
      "type": "azurerm_client_config",
      "name": "this",
      "provider": "provider[\"registry.terraform.io/hashicorp/azurerm\"]",
      "instances": [
        {
          "schema_version": 0,
          "attributes": {
            "client_id": "05822ec7-24df-4899-a17e-3e10aa59fe15",
            "id": "Y2xpZW50Q29uZmlncy9jbGllbnRJZD0wNTgyMmVjNy0yNGRmLTQ4OTktYTE3ZS0zZTEwYWE1OWZlMTU7b2JqZWN0SWQ9NThjZjNjYTAtYjgwZS00YmExLWI1NDItODlhMTRmZjI3OWNjO3N1YnNjcmlwdGlvbklkPTc5YzY1ZTU5LWFhZGItNDVhYi05YTQzLTNlMTBkOWU1MjI1ZTt0ZW5hbnRJZD01NmRiYjM3NS01MGU2LTQ4YzctOWY1ZC04ZmE5ZTg4YjRmNDI=",
            "object_id": "58cf3ca0-b80e-4ba1-b542-89a14ff279cc",
            "subscription_id": "79c65e59-aadb-45ab-9a43-3e10d9e5225e",
            "tenant_id": "56dbb375-50e6-48c7-9f5d-8fa9e88b4f42",
            "timeouts": null
          },
          "sensitive_attributes": []
        }
      ]
    },
    {
      "module": "module.avm-res-network-virtualnetwork",
      "mode": "data",
      "type": "modtm_module_source",
      "name": "telemetry",
      "provider": "provider[\"registry.terraform.io/azure/modtm\"]",
      "instances": [
        {
          "index_key": 0,
          "schema_version": 0,
          "attributes": {
            "module_path": ".terraform/modules/avm-res-network-virtualnetwork",
            "module_source": "registry.terraform.io/Azure/avm-res-network-virtualnetwork/azurerm",
            "module_version": "0.8.1"
          },
          "sensitive_attributes": []
        }
      ]
    },
    {
      "module": "module.avm-res-network-virtualnetwork",
      "mode": "managed",
      "type": "azapi_resource",
      "name": "vnet",
      "provider": "provider[\"registry.terraform.io/azure/azapi\"]",
      "instances": [
        {
          "schema_version": 2,
          "attributes": {
            "body": {
              "value": {
                "extendedLocation": null,
                "properties": {
                  "addressSpace": {
                    "addressPrefixes": [
                      "40.0.0.0/16"
                    ]
                  },
                  "bgpCommunities": null,
                  "ddosProtectionPlan": null,
                  "dhcpOptions": null,
                  "enableDdosProtection": false,
                  "enableVmProtection": false,
                  "encryption": null,
                  "flowTimeoutInMinutes": null
                }
              },
              "type": [
                "object",
                {
                  "extendedLocation": [
                    "object",
                    {
                      "name": "dynamic",
                      "type": "dynamic"
                    }
                  ],
                  "properties": [
                    "object",
                    {
                      "addressSpace": [
                        "object",
                        {
                          "addressPrefixes": [
                            "set",
                            "string"
                          ]
                        }
                      ],
                      "bgpCommunities": [
                        "object",
                        {
                          "virtualNetworkCommunity": "string"
                        }
                      ],
                      "ddosProtectionPlan": [
                        "object",
                        {
                          "id": "dynamic"
                        }
                      ],
                      "dhcpOptions": [
                        "object",
                        {
                          "dnsServers": "dynamic"
                        }
                      ],
                      "enableDdosProtection": "bool",
                      "enableVmProtection": "bool",
                      "encryption": [
                        "object",
                        {
                          "enabled": "dynamic",
                          "enforcement": "dynamic"
                        }
                      ],
                      "flowTimeoutInMinutes": "number"
                    }
                  ]
                }
              ]
            },
            "create_headers": null,
            "create_query_parameters": null,
            "delete_headers": null,
            "delete_query_parameters": null,
            "id": "/subscriptions/79c65e59-aadb-45ab-9a43-3e10d9e5225e/resourceGroups/pranav-prod/providers/Microsoft.Network/virtualNetworks/my-test-vnet",
            "identity": [],
            "ignore_casing": false,
            "ignore_missing_property": true,
            "location": "centralindia",
            "locks": null,
            "name": "my-test-vnet",
            "output": {
              "value": {},
              "type": [
                "object",
                {}
              ]
            },
            "parent_id": "/subscriptions/79c65e59-aadb-45ab-9a43-3e10d9e5225e/resourceGroups/pranav-prod",
            "read_headers": null,
            "read_query_parameters": null,
            "replace_triggers_external_values": null,
            "replace_triggers_refs": null,
            "response_export_values": null,
            "retry": null,
            "schema_validation_enabled": true,
            "tags": null,
            "timeouts": null,
            "type": "Microsoft.Network/virtualNetworks@2023-11-01",
            "update_headers": null,
            "update_query_parameters": null
          },
          "sensitive_attributes": [],
          "dependencies": [
            "azurerm_resource_group.rg",
            "module.avm-res-network-virtualnetwork.azapi_update_resource.allow_drop_unencrypted_vnet",
            "module.avm-res-network-virtualnetwork.data.azurerm_client_config.this"
          ]
        }
      ]
    },
    {
      "module": "module.avm-res-network-virtualnetwork",
      "mode": "managed",
      "type": "modtm_telemetry",
      "name": "telemetry",
      "provider": "provider[\"registry.terraform.io/azure/modtm\"]",
      "instances": [
        {
          "index_key": 0,
          "schema_version": 0,
          "attributes": {
            "endpoint": null,
            "ephemeral_number": null,
            "id": "961459e3-dd47-48c8-af12-8725a2eca9a3",
            "nonce": null,
            "tags": {
              "module_source": "registry.terraform.io/Azure/avm-res-network-virtualnetwork/azurerm",
              "module_version": "0.8.1",
              "random_id": "42f39418-fd93-6639-360f-6ea3deb75e1d",
              "subscription_id": "79c65e59-aadb-45ab-9a43-3e10d9e5225e",
              "tenant_id": "56dbb375-50e6-48c7-9f5d-8fa9e88b4f42"
            }
          },
          "sensitive_attributes": [],
          "dependencies": [
            "module.avm-res-network-virtualnetwork.data.azurerm_client_config.telemetry",
            "module.avm-res-network-virtualnetwork.data.modtm_module_source.telemetry",
            "module.avm-res-network-virtualnetwork.random_uuid.telemetry"
          ]
        }
      ]
    },
    {
      "module": "module.avm-res-network-virtualnetwork",
      "mode": "managed",
      "type": "random_uuid",
      "name": "telemetry",
      "provider": "provider[\"registry.terraform.io/hashicorp/random\"]",
      "instances": [
        {
          "index_key": 0,
          "schema_version": 0,
          "attributes": {
            "id": "42f39418-fd93-6639-360f-6ea3deb75e1d",
            "keepers": null,
            "result": "42f39418-fd93-6639-360f-6ea3deb75e1d"
          },
          "sensitive_attributes": []
        }
      ]
    }
  ],
  "check_results": [
    {
      "object_kind": "var",
      "config_addr": "module.avm-res-network-virtualnetwork.module.peering.var.peer_complete_vnets",
      "status": "pass",
      "objects": null
    },
    {
      "object_kind": "var",
      "config_addr": "module.avm-res-network-virtualnetwork.var.subnets",
      "status": "pass",
      "objects": [
        {
          "object_addr": "module.avm-res-network-virtualnetwork.var.subnets",
          "status": "pass"
        }
      ]
    },
    {
      "object_kind": "var",
      "config_addr": "module.avm-res-network-virtualnetwork.var.lock",
      "status": "pass",
      "objects": [
        {
          "object_addr": "module.avm-res-network-virtualnetwork.var.lock",
          "status": "pass"
        }
      ]
    },
    {
      "object_kind": "var",
      "config_addr": "module.avm-res-network-virtualnetwork.module.subnet.var.sharing_scope",
      "status": "pass",
      "objects": null
    },
    {
      "object_kind": "var",
      "config_addr": "module.avm-res-network-virtualnetwork.module.subnet.var.private_endpoint_network_policies",
      "status": "pass",
      "objects": null
    },
    {
      "object_kind": "var",
      "config_addr": "module.avm-res-network-virtualnetwork.var.address_space",
      "status": "pass",
      "objects": [
        {
          "object_addr": "module.avm-res-network-virtualnetwork.var.address_space",
          "status": "pass"
        }
      ]
    },
    {
      "object_kind": "var",
      "config_addr": "module.avm-res-network-virtualnetwork.module.subnet.var.address_prefixes",
      "status": "pass",
      "objects": null
    },
    {
      "object_kind": "var",
      "config_addr": "module.avm-res-network-virtualnetwork.var.diagnostic_settings",
      "status": "pass",
      "objects": [
        {
          "object_addr": "module.avm-res-network-virtualnetwork.var.diagnostic_settings",
          "status": "pass"
        }
      ]
    },
    {
      "object_kind": "var",
      "config_addr": "module.avm-res-network-virtualnetwork.module.peering.var.reverse_peer_complete_vnets",
      "status": "pass",
      "objects": null
    },
    {
      "object_kind": "var",
      "config_addr": "module.avm-res-network-virtualnetwork.var.encryption",
      "status": "pass",
      "objects": [
        {
          "object_addr": "module.avm-res-network-virtualnetwork.var.encryption",
          "status": "pass"
        }
      ]
    },
    {
      "object_kind": "var",
      "config_addr": "module.avm-res-network-virtualnetwork.var.extended_location",
      "status": "pass",
      "objects": [
        {
          "object_addr": "module.avm-res-network-virtualnetwork.var.extended_location",
          "status": "pass"
        }
      ]
    }
  ]
}
